<?xml version="1.0" encoding="utf-8"?>
<Project ToolsVersion="4.0" xmlns="http://schemas.microsoft.com/developer/msbuild/2003">
  <ItemGroup>
    <Filter Include="Fichiers sources">
      <UniqueIdentifier>{4FC737F1-C7A5-4376-A066-2A32D752A2FF}</UniqueIdentifier>
      <Extensions>cpp;c;cc;cxx;c++;cppm;ixx;def;odl;idl;hpj;bat;asm;asmx</Extensions>
    </Filter>
    <Filter Include="Fichiers d%27en-tête">
      <UniqueIdentifier>{93995380-89BD-4b04-88EB-625FBE52EBFB}</UniqueIdentifier>
      <Extensions>h;hh;hpp;hxx;h++;hm;inl;inc;ipp;xsd</Extensions>
    </Filter>
    <Filter Include="Fichiers de ressources">
      <UniqueIdentifier>{67DA6AB6-F800-4c08-8B7A-83BB121AAD01}</UniqueIdentifier>
      <Extensions>rc;ico;cur;bmp;dlg;rc2;rct;bin;rgs;gif;jpg;jpeg;jpe;resx;tiff;tif;png;wav;mfcribbon-ms</Extensions>
    </Filter>
    <Filter Include="Fichiers d%27en-tête\GLFW">
      <UniqueIdentifier>{d2a74dd9-d798-4fc8-87c9-25fc9d9b6858}</UniqueIdentifier>
    </Filter>
    <Filter Include="Fichiers d%27en-tête\vulkan">
      <UniqueIdentifier>{f7c9f382-f33c-435a-a81f-4f5ecf235baf}</UniqueIdentifier>
    </Filter>
    <Filter Include="Fichiers d%27en-tête\vk_video">
      <UniqueIdentifier>{5923e8b6-870b-4bfc-8217-c043b1772433}</UniqueIdentifier>
    </Filter>
  </ItemGroup>
  <ItemGroup>
    <ClInclude Include="include\GLFW\glfw3.h">
      <Filter>Fichiers d%27en-tête\GLFW</Filter>
    </ClInclude>
    <ClInclude Include="include\GLFW\glfw3native.h">
      <Filter>Fichiers d%27en-tête\GLFW</Filter>
    </ClInclude>
    <ClInclude Include="include\vulkan\vk_enum_string_helper.h">
      <Filter>Fichiers d%27en-tête\vulkan</Filter>
    </ClInclude>
    <ClInclude Include="include\vulkan\vk_icd.h">
      <Filter>Fichiers d%27en-tête\vulkan</Filter>
    </ClInclude>
    <ClInclude Include="include\vulkan\vk_layer.h">
      <Filter>Fichiers d%27en-tête\vulkan</Filter>
    </ClInclude>
    <ClInclude Include="include\vulkan\vk_platform.h">
      <Filter>Fichiers d%27en-tête\vulkan</Filter>
    </ClInclude>
    <ClInclude Include="include\vulkan\vk_sdk_platform.h">
      <Filter>Fichiers d%27en-tête\vulkan</Filter>
    </ClInclude>
    <ClInclude Include="include\vulkan\vulkan.h">
      <Filter>Fichiers d%27en-tête\vulkan</Filter>
    </ClInclude>
    <ClInclude Include="include\vulkan\vulkan.hpp">
      <Filter>Fichiers d%27en-tête\vulkan</Filter>
    </ClInclude>
    <ClInclude Include="include\vulkan\vulkan_android.h">
      <Filter>Fichiers d%27en-tête\vulkan</Filter>
    </ClInclude>
    <ClInclude Include="include\vulkan\vulkan_beta.h">
      <Filter>Fichiers d%27en-tête\vulkan</Filter>
    </ClInclude>
    <ClInclude Include="include\vulkan\vulkan_core.h">
      <Filter>Fichiers d%27en-tête\vulkan</Filter>
    </ClInclude>
    <ClInclude Include="include\vulkan\vulkan_directfb.h">
      <Filter>Fichiers d%27en-tête\vulkan</Filter>
    </ClInclude>
    <ClInclude Include="include\vulkan\vulkan_enums.hpp">
      <Filter>Fichiers d%27en-tête\vulkan</Filter>
    </ClInclude>
    <ClInclude Include="include\vulkan\vulkan_format_traits.hpp">
      <Filter>Fichiers d%27en-tête\vulkan</Filter>
    </ClInclude>
    <ClInclude Include="include\vulkan\vulkan_fuchsia.h">
      <Filter>Fichiers d%27en-tête\vulkan</Filter>
    </ClInclude>
    <ClInclude Include="include\vulkan\vulkan_funcs.hpp">
      <Filter>Fichiers d%27en-tête\vulkan</Filter>
    </ClInclude>
    <ClInclude Include="include\vulkan\vulkan_ggp.h">
      <Filter>Fichiers d%27en-tête\vulkan</Filter>
    </ClInclude>
    <ClInclude Include="include\vulkan\vulkan_handles.hpp">
      <Filter>Fichiers d%27en-tête\vulkan</Filter>
    </ClInclude>
    <ClInclude Include="include\vulkan\vulkan_hash.hpp">
      <Filter>Fichiers d%27en-tête\vulkan</Filter>
    </ClInclude>
    <ClInclude Include="include\vulkan\vulkan_ios.h">
      <Filter>Fichiers d%27en-tête\vulkan</Filter>
    </ClInclude>
    <ClInclude Include="include\vulkan\vulkan_macos.h">
      <Filter>Fichiers d%27en-tête\vulkan</Filter>
    </ClInclude>
    <ClInclude Include="include\vulkan\vulkan_metal.h">
      <Filter>Fichiers d%27en-tête\vulkan</Filter>
    </ClInclude>
    <ClInclude Include="include\vulkan\vulkan_profiles.h">
      <Filter>Fichiers d%27en-tête\vulkan</Filter>
    </ClInclude>
    <ClInclude Include="include\vulkan\vulkan_profiles.hpp">
      <Filter>Fichiers d%27en-tête\vulkan</Filter>
    </ClInclude>
    <ClInclude Include="include\vulkan\vulkan_raii.hpp">
      <Filter>Fichiers d%27en-tête\vulkan</Filter>
    </ClInclude>
    <ClInclude Include="include\vulkan\vulkan_screen.h">
      <Filter>Fichiers d%27en-tête\vulkan</Filter>
    </ClInclude>
    <ClInclude Include="include\vulkan\vulkan_static_assertions.hpp">
      <Filter>Fichiers d%27en-tête\vulkan</Filter>
    </ClInclude>
    <ClInclude Include="include\vulkan\vulkan_structs.hpp">
      <Filter>Fichiers d%27en-tête\vulkan</Filter>
    </ClInclude>
    <ClInclude Include="include\vulkan\vulkan_to_string.hpp">
      <Filter>Fichiers d%27en-tête\vulkan</Filter>
    </ClInclude>
    <ClInclude Include="include\vulkan\vulkan_vi.h">
      <Filter>Fichiers d%27en-tête\vulkan</Filter>
    </ClInclude>
    <ClInclude Include="include\vulkan\vulkan_wayland.h">
      <Filter>Fichiers d%27en-tête\vulkan</Filter>
    </ClInclude>
    <ClInclude Include="include\vulkan\vulkan_win32.h">
      <Filter>Fichiers d%27en-tête\vulkan</Filter>
    </ClInclude>
    <ClInclude Include="include\vulkan\vulkan_xcb.h">
      <Filter>Fichiers d%27en-tête\vulkan</Filter>
    </ClInclude>
    <ClInclude Include="include\vulkan\vulkan_xlib.h">
      <Filter>Fichiers d%27en-tête\vulkan</Filter>
    </ClInclude>
    <ClInclude Include="include\vulkan\vulkan_xlib_xrandr.h">
      <Filter>Fichiers d%27en-tête\vulkan</Filter>
    </ClInclude>
    <ClInclude Include="src\Engine.h">
      <Filter>Fichiers d%27en-tête</Filter>
    </ClInclude>
    <ClInclude Include="src\Application.h">
      <Filter>Fichiers d%27en-tête</Filter>
    </ClInclude>
    <ClInclude Include="src\Window.h">
      <Filter>Fichiers d%27en-tête</Filter>
    </ClInclude>
    <ClInclude Include="src\VKRenderer.h">
      <Filter>Fichiers d%27en-tête</Filter>
    </ClInclude>
    <ClInclude Include="src\IRenderer.h">
      <Filter>Fichiers d%27en-tête</Filter>
    </ClInclude>
    <ClInclude Include="include\vk_video\vulkan_video_codec_h264std.h">
      <Filter>Fichiers d%27en-tête\vk_video</Filter>
    </ClInclude>
    <ClInclude Include="include\vk_video\vulkan_video_codec_h264std_decode.h">
      <Filter>Fichiers d%27en-tête\vk_video</Filter>
    </ClInclude>
    <ClInclude Include="include\vk_video\vulkan_video_codec_h264std_encode.h">
      <Filter>Fichiers d%27en-tête\vk_video</Filter>
    </ClInclude>
    <ClInclude Include="include\vk_video\vulkan_video_codec_h265std.h">
      <Filter>Fichiers d%27en-tête\vk_video</Filter>
    </ClInclude>
    <ClInclude Include="include\vk_video\vulkan_video_codec_h265std_decode.h">
      <Filter>Fichiers d%27en-tête\vk_video</Filter>
    </ClInclude>
    <ClInclude Include="include\vk_video\vulkan_video_codec_h265std_encode.h">
      <Filter>Fichiers d%27en-tête\vk_video</Filter>
    </ClInclude>
    <ClInclude Include="include\vk_video\vulkan_video_codecs_common.h">
      <Filter>Fichiers d%27en-tête\vk_video</Filter>
    </ClInclude>
    <ClInclude Include="src\Utils.h">
      <Filter>Fichiers d%27en-tête</Filter>
    </ClInclude>
  </ItemGroup>
  <ItemGroup>
    <ClCompile Include="src\main.cpp">
      <Filter>Fichiers sources</Filter>
    </ClCompile>
    <ClCompile Include="src\Engine.cpp">
      <Filter>Fichiers sources</Filter>
    </ClCompile>
    <ClCompile Include="src\Application.cpp">
      <Filter>Fichiers sources</Filter>
    </ClCompile>
    <ClCompile Include="src\Window.cpp">
      <Filter>Fichiers sources</Filter>
    </ClCompile>
    <ClCompile Include="src\VKRenderer.cpp">
      <Filter>Fichiers sources</Filter>
    </ClCompile>
    <ClCompile Include="src\IRenderer.cpp">
      <Filter>Fichiers sources</Filter>
    </ClCompile>
    <ClCompile Include="src\Utils.cpp">
      <Filter>Fichiers sources</Filter>
    </ClCompile>
  </ItemGroup>
</Project>